
Microsoft Visual Studio Solution File, Format Version 12.00
# Visual Studio Version 17
VisualStudioVersion = 17.14.36705.20
MinimumVisualStudioVersion = 10.0.40219.1
Project("{FAE04EC0-301F-11D3-BF4B-00C04F79EFBC}") = "test4-start", "test3-model\test4-start.csproj", "{C9470A70-1ED2-4656-BF63-A707B7BACF81}"
EndProject
Global
	GlobalSection(SolutionConfigurationPlatforms) = preSolution
		Debug|Any CPU = Debug|Any CPU
		Release|Any CPU = Release|Any CPU
	EndGlobalSection
	GlobalSection(ProjectConfigurationPlatforms) = postSolution
		{C9470A70-1ED2-4656-BF63-A707B7BACF81}.Debug|Any CPU.ActiveCfg = Debug|Any CPU
		{C9470A70-1ED2-4656-BF63-A707B7BACF81}.Debug|Any CPU.Build.0 = Debug|Any CPU
		{C9470A70-1ED2-4656-BF63-A707B7BACF81}.Release|Any CPU.ActiveCfg = Release|Any CPU
		{C9470A70-1ED2-4656-BF63-A707B7BACF81}.Release|Any CPU.Build.0 = Release|Any CPU
	EndGlobalSection
	GlobalSection(SolutionProperties) = preSolution
		HideSolutionNode = FALSE
	EndGlobalSection
	GlobalSection(ExtensibilityGlobals) = postSolution
		SolutionGuid = {D527D81A-0612-4EFA-A390-E50CC4756E51}
	EndGlobalSection
EndGlobal
