
Microsoft Visual Studio Solution File, Format Version 12.00
# Visual Studio Version 17
VisualStudioVersion = 17.14.36915.13 d17.14
MinimumVisualStudioVersion = 10.0.40219.1
Project("{FAE04EC0-301F-11D3-BF4B-00C04F79EFBC}") = "MusicApp", "MusicApp\MusicApp.csproj", "{C3005B73-E2D7-4A06-95D1-9EF68F1F7CE2}"
EndProject
Global
	GlobalSection(SolutionConfigurationPlatforms) = preSolution
		Debug|Any CPU = Debug|Any CPU
		Release|Any CPU = Release|Any CPU
	EndGlobalSection
	GlobalSection(ProjectConfigurationPlatforms) = postSolution
		{C3005B73-E2D7-4A06-95D1-9EF68F1F7CE2}.Debug|Any CPU.ActiveCfg = Debug|Any CPU
		{C3005B73-E2D7-4A06-95D1-9EF68F1F7CE2}.Debug|Any CPU.Build.0 = Debug|Any CPU
		{C3005B73-E2D7-4A06-95D1-9EF68F1F7CE2}.Release|Any CPU.ActiveCfg = Release|Any CPU
		{C3005B73-E2D7-4A06-95D1-9EF68F1F7CE2}.Release|Any CPU.Build.0 = Release|Any CPU
	EndGlobalSection
	GlobalSection(SolutionProperties) = preSolution
		HideSolutionNode = FALSE
	EndGlobalSection
	GlobalSection(ExtensibilityGlobals) = postSolution
		SolutionGuid = {47CBEE09-AC93-43DA-9E66-8A0342426CC4}
	EndGlobalSection
EndGlobal
